
Microsoft Visual Studio Solution File, Format Version 12.00
# Visual Studio 15
Project("{FAE04EC0-301F-11D3-BF4B-00C04F79EFBC}") = "Use-PosixPipeline", "src\Use-PosixPipeline.csproj", "{74325886-6F95-47F8-85D8-890677AA2503}"
EndProject
Global
	GlobalSection(SolutionConfigurationPlatforms) = preSolution
		Debug|Any CPU = Debug|Any CPU
		Release|Any CPU = Release|Any CPU
	EndGlobalSection
	GlobalSection(ProjectConfigurationPlatforms) = postSolution
		{74325886-6F95-47F8-85D8-890677AA2503}.Debug|Any CPU.ActiveCfg = Debug|Any CPU
		{74325886-6F95-47F8-85D8-890677AA2503}.Debug|Any CPU.Build.0 = Debug|Any CPU
		{74325886-6F95-47F8-85D8-890677AA2503}.Release|Any CPU.ActiveCfg = Release|Any CPU
		{74325886-6F95-47F8-85D8-890677AA2503}.Release|Any CPU.Build.0 = Release|Any CPU
	EndGlobalSection
	GlobalSection(MonoDevelopProperties) = preSolution
		description = The POSIX version of Use-RawPipeline
	EndGlobalSection
EndGlobal
